{
    "_readme": [
        "This file locks the dependencies of your project to a known state",
        "Read more about it at https://getcomposer.org/doc/01-basic-usage.md#installing-dependencies",
        "This file is @generated automatically"
    ],
    "content-hash": "251f0a6f85695a27837a70911fee0761",
    "packages": [
        {
            "name": "horttcore/wp-assets",
            "version": "2.0",
            "source": {
                "type": "git",
                "url": "https://github.com/Horttcore/wp-assets.git",
                "reference": "abe562d3a7a6b07eddea6833e45568042fa4268f"
            },
            "dist": {
                "type": "zip",
                "url": "https://api.github.com/repos/Horttcore/wp-assets/zipball/abe562d3a7a6b07eddea6833e45568042fa4268f",
                "reference": "abe562d3a7a6b07eddea6833e45568042fa4268f",
                "shasum": ""
            },
            "type": "library",
            "autoload": {
                "psr-4": {
                    "RalfHortt\\Assets\\": "src/"
                }
            },
            "notification-url": "https://packagist.org/downloads/",
            "license": [
                "MIT"
            ],
            "authors": [
                {
                    "name": "Ralf Hortt",
                    "email": "me@horttcore.de"
                }
            ],
            "description": "A helper package for working with the WordPress assets",
            "time": "2020-03-27T08:06:12+00:00"
        },
        {
            "name": "horttcore/wp-customizer",
            "version": "2.1.0",
            "source": {
                "type": "git",
                "url": "https://github.com/Horttcore/wp-customizer.git",
                "reference": "e71109aea56738151a028b7d25bddae488dde235"
            },
            "dist": {
                "type": "zip",
                "url": "https://api.github.com/repos/Horttcore/wp-customizer/zipball/e71109aea56738151a028b7d25bddae488dde235",
                "reference": "e71109aea56738151a028b7d25bddae488dde235",
                "shasum": ""
            },
            "type": "library",
            "autoload": {
                "psr-4": {
                    "Horttcore\\Customizer\\": "src/"
                }
            },
            "notification-url": "https://packagist.org/downloads/",
            "license": [
                "MIT"
            ],
            "authors": [
                {
                    "name": "Ralf Hortt",
                    "email": "me@horttcore.de"
                }
            ],
            "description": "A helper package for working with the WordPress Customizer",
            "time": "2019-09-18T20:26:55+00:00"
        },
        {
            "name": "ralfhortt/wp-content-width",
            "version": "1.4",
            "source": {
                "type": "git",
                "url": "https://github.com/Horttcore/wp-content-width.git",
                "reference": "d3b3f5a28935d04d8d66f020ccc1c52aa7e6cdbc"
            },
            "dist": {
                "type": "zip",
                "url": "https://api.github.com/repos/Horttcore/wp-content-width/zipball/d3b3f5a28935d04d8d66f020ccc1c52aa7e6cdbc",
                "reference": "d3b3f5a28935d04d8d66f020ccc1c52aa7e6cdbc",
                "shasum": ""
            },
            "type": "library",
            "autoload": {
                "psr-4": {
                    "RalfHortt\\ContentWidth\\": "src/"
                }
            },
            "notification-url": "https://packagist.org/downloads/",
            "license": [
                "GPL-2.0-or-later"
            ],
            "authors": [
                {
                    "name": "Ralf Hortt",
                    "email": "me@horttcore.de"
                }
            ],
            "description": "Setting the global WordPress variable `$content_width` in a single place for php and css",
            "time": "2020-01-16T13:36:22+00:00"
        },
        {
            "name": "ralfhortt/wp-image-sizes",
            "version": "1.0.0",
            "source": {
                "type": "git",
                "url": "https://github.com/Horttcore/wp-image-sizes.git",
                "reference": "05418c0477dec8ca41754999aa030517fb7e1ef5"
            },
            "dist": {
                "type": "zip",
                "url": "https://api.github.com/repos/Horttcore/wp-image-sizes/zipball/05418c0477dec8ca41754999aa030517fb7e1ef5",
                "reference": "05418c0477dec8ca41754999aa030517fb7e1ef5",
                "shasum": ""
            },
            "type": "library",
            "autoload": {
                "psr-4": {
                    "RalfHortt\\ImageSizes\\": "src"
                }
            },
            "notification-url": "https://packagist.org/downloads/",
            "license": [
                "GPL-2.0-or-later"
            ],
            "authors": [
                {
                    "name": "Ralf Hortt",
                    "email": "me@horttcore.de"
                }
            ],
            "description": "A helper class to register image sizes",
            "time": "2019-05-31T20:45:23+00:00"
        },
        {
            "name": "ralfhortt/wp-template-loader",
            "version": "1.1.1",
            "source": {
                "type": "git",
                "url": "https://github.com/Horttcore/wp-template-loader.git",
                "reference": "e0a8c24b10eb0cb0eb64d2c17c49ba7618862db2"
            },
            "dist": {
                "type": "zip",
                "url": "https://api.github.com/repos/Horttcore/wp-template-loader/zipball/e0a8c24b10eb0cb0eb64d2c17c49ba7618862db2",
                "reference": "e0a8c24b10eb0cb0eb64d2c17c49ba7618862db2",
                "shasum": ""
            },
            "type": "library",
            "autoload": {
                "psr-4": {
                    "RalfHortt\\TemplateLoader\\": "src"
                }
            },
            "notification-url": "https://packagist.org/downloads/",
            "license": [
                "GPL-2.0-or-later"
            ],
            "authors": [
                {
                    "name": "Ralf Hortt",
                    "email": "me@horttcore.de"
                }
            ],
            "description": "A helper class to load template files from another location",
            "time": "2019-06-04T20:00:05+00:00"
        }
    ],
    "packages-dev": [],
    "aliases": [],
    "minimum-stability": "stable",
    "stability-flags": [],
    "prefer-stable": false,
    "prefer-lowest": false,
    "platform": [],
    "platform-dev": []
}
