{
    "_readme": [
        "This file locks the dependencies of your project to a known state",
        "Read more about it at https://getcomposer.org/doc/01-basic-usage.md#installing-dependencies",
        "This file is @generated automatically"
    ],
    "content-hash": "0b7f7cef39fef49732c761bee2a9aa9c",
    "packages": [
        {
            "name": "hdw/wp-assets",
            "version": "2.0.0",
            "source": {
                "type": "git",
                "url": "git@github.com:hdw-werbeagentur/wp-assets.git",
                "reference": "721b493ab6a31fe612947516351cba76c38368fc"
            },
            "dist": {
                "type": "zip",
                "url": "https://api.github.com/repos/hdw-werbeagentur/wp-assets/zipball/721b493ab6a31fe612947516351cba76c38368fc",
                "reference": "721b493ab6a31fe612947516351cba76c38368fc",
                "shasum": "",
                "mirrors": [
                    {
                        "url": "https://hdw.repo.packagist.hdw.agency/dists/%package%/%version%/%reference%.%type%",
                        "preferred": true
                    }
                ]
            },
            "type": "library",
            "autoload": {
                "psr-4": {
                    "HDW\\Assets\\": "src/"
                }
            },
            "notification-url": "https://hdw.repo.packagist.hdw.agency/downloads",
            "license": [
                "MIT"
            ],
            "authors": [
                {
                    "name": "Anthony Spross",
                    "email": "a.spross@hdw1.de"
                }
            ],
            "description": "A helper package for working with the WordPress assets",
            "support": {
                "source": "https://github.com/hdw-werbeagentur/wp-assets/tree/2.0.0",
                "issues": "https://github.com/hdw-werbeagentur/wp-assets/issues"
            },
            "time": "2022-10-25T11:25:46+00:00"
        },
        {
            "name": "hdw/wp-content-width",
            "version": "1.4.0",
            "source": {
                "type": "git",
                "url": "git@github.com:hdw-werbeagentur/wp-content-width.git",
                "reference": "32cfee17922fbbf3f1c2cc67faee132b67e3282e"
            },
            "dist": {
                "type": "zip",
                "url": "https://api.github.com/repos/hdw-werbeagentur/wp-content-width/zipball/32cfee17922fbbf3f1c2cc67faee132b67e3282e",
                "reference": "32cfee17922fbbf3f1c2cc67faee132b67e3282e",
                "shasum": "",
                "mirrors": [
                    {
                        "url": "https://hdw.repo.packagist.hdw.agency/dists/%package%/%version%/%reference%.%type%",
                        "preferred": true
                    }
                ]
            },
            "type": "library",
            "autoload": {
                "psr-4": {
                    "HDW\\ContentWidth\\": "src/"
                }
            },
            "notification-url": "https://hdw.repo.packagist.hdw.agency/downloads",
            "license": [
                "GPL-2.0-or-later"
            ],
            "authors": [
                {
                    "name": "Anthony Spross",
                    "email": "a.spross@hdw1.de"
                }
            ],
            "description": "Setting the global WordPress variable `$content_width` in a single place for php and css",
            "support": {
                "source": "https://github.com/hdw-werbeagentur/wp-content-width/tree/1.4.0",
                "issues": "https://github.com/hdw-werbeagentur/wp-content-width/issues"
            },
            "time": "2022-10-25T11:43:16+00:00"
        },
        {
            "name": "hdw/wp-customizer",
            "version": "2.1.0",
            "source": {
                "type": "git",
                "url": "git@github.com:hdw-werbeagentur/wp-customizer.git",
                "reference": "033d4fe93627414794aa0375ce80ef10e0c01679"
            },
            "dist": {
                "type": "zip",
                "url": "https://api.github.com/repos/hdw-werbeagentur/wp-customizer/zipball/033d4fe93627414794aa0375ce80ef10e0c01679",
                "reference": "033d4fe93627414794aa0375ce80ef10e0c01679",
                "shasum": "",
                "mirrors": [
                    {
                        "url": "https://hdw.repo.packagist.hdw.agency/dists/%package%/%version%/%reference%.%type%",
                        "preferred": true
                    }
                ]
            },
            "type": "library",
            "autoload": {
                "psr-4": {
                    "HDW\\Customizer\\": "src/"
                }
            },
            "notification-url": "https://hdw.repo.packagist.hdw.agency/downloads",
            "license": [
                "MIT"
            ],
            "authors": [
                {
                    "name": "Anthony Spross",
                    "email": "a.spross@hdw1.de"
                }
            ],
            "description": "A helper package for working with the WordPress Customizer",
            "support": {
                "source": "https://github.com/hdw-werbeagentur/wp-customizer/tree/2.1.0",
                "issues": "https://github.com/hdw-werbeagentur/wp-customizer/issues"
            },
            "time": "2022-10-25T11:02:38+00:00"
        },
        {
            "name": "hdw/wp-image-sizes",
            "version": "1.0.0",
            "source": {
                "type": "git",
                "url": "git@github.com:hdw-werbeagentur/wp-image-sizes.git",
                "reference": "cb737eca41b939698f24ae198c5718e9638a76e4"
            },
            "dist": {
                "type": "zip",
                "url": "https://api.github.com/repos/hdw-werbeagentur/wp-image-sizes/zipball/cb737eca41b939698f24ae198c5718e9638a76e4",
                "reference": "cb737eca41b939698f24ae198c5718e9638a76e4",
                "shasum": "",
                "mirrors": [
                    {
                        "url": "https://hdw.repo.packagist.hdw.agency/dists/%package%/%version%/%reference%.%type%",
                        "preferred": true
                    }
                ]
            },
            "type": "library",
            "autoload": {
                "psr-4": {
                    "HDW\\ImageSizes\\": "src"
                }
            },
            "notification-url": "https://hdw.repo.packagist.hdw.agency/downloads",
            "license": [
                "GPL-2.0-or-later"
            ],
            "authors": [
                {
                    "name": "Anthony Spross",
                    "email": "a.spross@hdw1.de"
                }
            ],
            "description": "A helper class to register image sizes",
            "support": {
                "source": "https://github.com/hdw-werbeagentur/wp-image-sizes/tree/1.0.0",
                "issues": "https://github.com/hdw-werbeagentur/wp-image-sizes/issues"
            },
            "time": "2022-10-25T11:46:15+00:00"
        },
        {
            "name": "hdw/wp-template-loader",
            "version": "1.1.1",
            "source": {
                "type": "git",
                "url": "git@github.com:hdw-werbeagentur/wp-template-loader.git",
                "reference": "2f6bbbd123a160209222bf80c31fb9b65c26dc6f"
            },
            "dist": {
                "type": "zip",
                "url": "https://api.github.com/repos/hdw-werbeagentur/wp-template-loader/zipball/2f6bbbd123a160209222bf80c31fb9b65c26dc6f",
                "reference": "2f6bbbd123a160209222bf80c31fb9b65c26dc6f",
                "shasum": "",
                "mirrors": [
                    {
                        "url": "https://hdw.repo.packagist.hdw.agency/dists/%package%/%version%/%reference%.%type%",
                        "preferred": true
                    }
                ]
            },
            "type": "library",
            "autoload": {
                "psr-4": {
                    "HDW\\TemplateLoader\\": "src"
                }
            },
            "notification-url": "https://hdw.repo.packagist.hdw.agency/downloads",
            "license": [
                "GPL-2.0-or-later"
            ],
            "authors": [
                {
                    "name": "Anthony Spross",
                    "email": "a.spross@hdw1.de"
                }
            ],
            "description": "A helper class to load template files from another location",
            "support": {
                "source": "https://github.com/hdw-werbeagentur/wp-template-loader/tree/1.1.1",
                "issues": "https://github.com/hdw-werbeagentur/wp-template-loader/issues"
            },
            "time": "2022-10-25T11:39:04+00:00"
        }
    ],
    "packages-dev": [],
    "aliases": [],
    "minimum-stability": "dev",
    "stability-flags": [],
    "prefer-stable": false,
    "prefer-lowest": false,
    "platform": [],
    "platform-dev": [],
    "plugin-api-version": "2.0.0"
}
