{
    "_readme": [
        "This file locks the dependencies of your project to a known state",
        "Read more about it at https://getcomposer.org/doc/01-basic-usage.md#installing-dependencies",
        "This file is @generated automatically"
    ],
    "content-hash": "4e65608501169ff981589037710bd916",
    "packages": [
        {
            "name": "horttcore/wp-customizer",
            "version": "dev-master",
            "source": {
                "type": "git",
                "url": "https://github.com/Horttcore/wp-customizer.git",
                "reference": "f5cd6d6856692dfec705ec6ef3978135fa0bf700"
            },
            "dist": {
                "type": "zip",
                "url": "https://api.github.com/repos/Horttcore/wp-customizer/zipball/f5cd6d6856692dfec705ec6ef3978135fa0bf700",
                "reference": "f5cd6d6856692dfec705ec6ef3978135fa0bf700",
                "shasum": ""
            },
            "default-branch": true,
            "type": "library",
            "autoload": {
                "psr-4": {
                    "Horttcore\\Customizer\\": "src/"
                }
            },
            "notification-url": "https://packagist.org/downloads/",
            "license": [
                "MIT"
            ],
            "authors": [
                {
                    "name": "Ralf Hortt",
                    "email": "me@horttcore.de"
                }
            ],
            "description": "A helper package for working with the WordPress Customizer",
            "support": {
                "issues": "https://github.com/Horttcore/wp-customizer/issues",
                "source": "https://github.com/Horttcore/wp-customizer/tree/master"
            },
            "time": "2019-11-16T17:18:32+00:00"
        },
        {
            "name": "ralfhortt/wp-assets",
            "version": "dev-master",
            "source": {
                "type": "git",
                "url": "https://github.com/Horttcore/wp-assets.git",
                "reference": "00807bac5d30eeb82fb9ad3613c63f061ced9422"
            },
            "dist": {
                "type": "zip",
                "url": "https://api.github.com/repos/Horttcore/wp-assets/zipball/00807bac5d30eeb82fb9ad3613c63f061ced9422",
                "reference": "00807bac5d30eeb82fb9ad3613c63f061ced9422",
                "shasum": ""
            },
            "default-branch": true,
            "type": "library",
            "autoload": {
                "psr-4": {
                    "RalfHortt\\Assets\\": "src/"
                }
            },
            "notification-url": "https://packagist.org/downloads/",
            "license": [
                "MIT"
            ],
            "authors": [
                {
                    "name": "Ralf Hortt",
                    "email": "me@horttcore.de"
                }
            ],
            "description": "A helper package for working with the WordPress assets",
            "support": {
                "source": "https://github.com/Horttcore/wp-assets/tree/master"
            },
            "time": "2020-09-04T20:33:38+00:00"
        },
        {
            "name": "ralfhortt/wp-content-width",
            "version": "dev-master",
            "source": {
                "type": "git",
                "url": "https://github.com/Horttcore/wp-content-width.git",
                "reference": "d3b3f5a28935d04d8d66f020ccc1c52aa7e6cdbc"
            },
            "dist": {
                "type": "zip",
                "url": "https://api.github.com/repos/Horttcore/wp-content-width/zipball/d3b3f5a28935d04d8d66f020ccc1c52aa7e6cdbc",
                "reference": "d3b3f5a28935d04d8d66f020ccc1c52aa7e6cdbc",
                "shasum": ""
            },
            "default-branch": true,
            "type": "library",
            "autoload": {
                "psr-4": {
                    "RalfHortt\\ContentWidth\\": "src/"
                }
            },
            "notification-url": "https://packagist.org/downloads/",
            "license": [
                "GPL-2.0-or-later"
            ],
            "authors": [
                {
                    "name": "Ralf Hortt",
                    "email": "me@horttcore.de"
                }
            ],
            "description": "Setting the global WordPress variable `$content_width` in a single place for php and css",
            "support": {
                "issues": "https://github.com/Horttcore/wp-content-width/issues",
                "source": "https://github.com/Horttcore/wp-content-width/tree/1.4"
            },
            "time": "2020-01-16T13:36:22+00:00"
        },
        {
            "name": "ralfhortt/wp-image-sizes",
            "version": "dev-master",
            "source": {
                "type": "git",
                "url": "https://github.com/Horttcore/wp-image-sizes.git",
                "reference": "930188ee748a43f6e2ee70fc9a45d2aba974e593"
            },
            "dist": {
                "type": "zip",
                "url": "https://api.github.com/repos/Horttcore/wp-image-sizes/zipball/930188ee748a43f6e2ee70fc9a45d2aba974e593",
                "reference": "930188ee748a43f6e2ee70fc9a45d2aba974e593",
                "shasum": ""
            },
            "default-branch": true,
            "type": "library",
            "autoload": {
                "psr-4": {
                    "RalfHortt\\ImageSizes\\": "src"
                }
            },
            "notification-url": "https://packagist.org/downloads/",
            "license": [
                "GPL-2.0-or-later"
            ],
            "authors": [
                {
                    "name": "Ralf Hortt",
                    "email": "me@horttcore.de"
                }
            ],
            "description": "A helper class to register image sizes",
            "support": {
                "issues": "https://github.com/Horttcore/wp-image-sizes/issues",
                "source": "https://github.com/Horttcore/wp-image-sizes/tree/master"
            },
            "time": "2019-11-16T17:18:16+00:00"
        },
        {
            "name": "ralfhortt/wp-template-loader",
            "version": "dev-master",
            "source": {
                "type": "git",
                "url": "https://github.com/Horttcore/wp-template-loader.git",
                "reference": "e0a8c24b10eb0cb0eb64d2c17c49ba7618862db2"
            },
            "dist": {
                "type": "zip",
                "url": "https://api.github.com/repos/Horttcore/wp-template-loader/zipball/e0a8c24b10eb0cb0eb64d2c17c49ba7618862db2",
                "reference": "e0a8c24b10eb0cb0eb64d2c17c49ba7618862db2",
                "shasum": ""
            },
            "default-branch": true,
            "type": "library",
            "autoload": {
                "psr-4": {
                    "RalfHortt\\TemplateLoader\\": "src"
                }
            },
            "notification-url": "https://packagist.org/downloads/",
            "license": [
                "GPL-2.0-or-later"
            ],
            "authors": [
                {
                    "name": "Ralf Hortt",
                    "email": "me@horttcore.de"
                }
            ],
            "description": "A helper class to load template files from another location",
            "support": {
                "issues": "https://github.com/Horttcore/wp-template-loader/issues",
                "source": "https://github.com/Horttcore/wp-template-loader/tree/1.1.1"
            },
            "time": "2019-06-04T20:00:05+00:00"
        }
    ],
    "packages-dev": [],
    "aliases": [],
    "minimum-stability": "dev",
    "stability-flags": [],
    "prefer-stable": false,
    "prefer-lowest": false,
    "platform": [],
    "platform-dev": [],
    "plugin-api-version": "2.0.0"
}
